
Microsoft Visual Studio Solution File, Format Version 12.00
# Visual Studio Version 17
VisualStudioVersion = 17.0.31903.59
MinimumVisualStudioVersion = 10.0.40219.1
Project("{2150E333-8FDC-42A3-9474-1A3956D46DE8}") = "src", "src", "{827E0CD3-B72D-47B6-A68D-7590B98EB39B}"
EndProject
Project("{FAE04EC0-301F-11D3-BF4B-00C04F79EFBC}") = "FishingLogBook.Domain", "src\FishingLogBook.Domain\FishingLogBook.Domain.csproj", "{2D4A943E-0E27-4335-B79F-57E4A49F02E4}"
EndProject
Project("{FAE04EC0-301F-11D3-BF4B-00C04F79EFBC}") = "FishingLogBook.Shared", "src\FishingLogBook.Shared\FishingLogBook.Shared.csproj", "{9A6B488F-1CAA-4CDF-BEB0-9DA9DAC9B249}"
EndProject
Project("{FAE04EC0-301F-11D3-BF4B-00C04F79EFBC}") = "FishingLogBook.Application", "src\FishingLogBook.Application\FishingLogBook.Application.csproj", "{A060CEFE-C1A0-4A25-A6D0-DDECF0C02F5D}"
EndProject
Project("{FAE04EC0-301F-11D3-BF4B-00C04F79EFBC}") = "FishingLogBook.Infrastructure", "src\FishingLogBook.Infrastructure\FishingLogBook.Infrastructure.csproj", "{CA93C1B4-BB3B-4065-ABB7-2FF82521E249}"
EndProject
Project("{FAE04EC0-301F-11D3-BF4B-00C04F79EFBC}") = "FishingLogBook.Api", "src\FishingLogBook.Api\FishingLogBook.Api.csproj", "{480DDF78-B06F-4D61-B866-74BE7B3C9D9E}"
EndProject
Project("{FAE04EC0-301F-11D3-BF4B-00C04F79EFBC}") = "FishingLogBook.Web", "src\FishingLogBook.Web\FishingLogBook.Web.csproj", "{1B2EEA88-2A5B-4740-B43D-E1FED1A3C0EF}"
EndProject
Project("{2150E333-8FDC-42A3-9474-1A3956D46DE8}") = "tests", "tests", "{0AB3BF05-4346-4AA6-1389-037BE0695223}"
EndProject
Project("{FAE04EC0-301F-11D3-BF4B-00C04F79EFBC}") = "FishingLogBook.UnitTests", "tests\FishingLogBook.UnitTests\FishingLogBook.UnitTests.csproj", "{F81F33E4-CF93-4C45-B0A0-60ECE2706863}"
EndProject
Project("{FAE04EC0-301F-11D3-BF4B-00C04F79EFBC}") = "FishingLogBook.IntegrationTests", "tests\FishingLogBook.IntegrationTests\FishingLogBook.IntegrationTests.csproj", "{18F7FA2A-C667-4C7E-96DA-FD9CF75425AE}"
EndProject
Project("{FAE04EC0-301F-11D3-BF4B-00C04F79EFBC}") = "FishingLogBook.WebTests", "tests\FishingLogBook.WebTests\FishingLogBook.WebTests.csproj", "{CEA9A328-8A6A-4E41-8955-CE5BB1460A65}"
EndProject
Global
	GlobalSection(SolutionConfigurationPlatforms) = preSolution
		Debug|Any CPU = Debug|Any CPU
		Debug|x64 = Debug|x64
		Debug|x86 = Debug|x86
		Release|Any CPU = Release|Any CPU
		Release|x64 = Release|x64
		Release|x86 = Release|x86
	EndGlobalSection
	GlobalSection(ProjectConfigurationPlatforms) = postSolution
		{2D4A943E-0E27-4335-B79F-57E4A49F02E4}.Debug|Any CPU.ActiveCfg = Debug|Any CPU
		{2D4A943E-0E27-4335-B79F-57E4A49F02E4}.Debug|Any CPU.Build.0 = Debug|Any CPU
		{2D4A943E-0E27-4335-B79F-57E4A49F02E4}.Debug|x64.ActiveCfg = Debug|Any CPU
		{2D4A943E-0E27-4335-B79F-57E4A49F02E4}.Debug|x64.Build.0 = Debug|Any CPU
		{2D4A943E-0E27-4335-B79F-57E4A49F02E4}.Debug|x86.ActiveCfg = Debug|Any CPU
		{2D4A943E-0E27-4335-B79F-57E4A49F02E4}.Debug|x86.Build.0 = Debug|Any CPU
		{2D4A943E-0E27-4335-B79F-57E4A49F02E4}.Release|Any CPU.ActiveCfg = Release|Any CPU
		{2D4A943E-0E27-4335-B79F-57E4A49F02E4}.Release|Any CPU.Build.0 = Release|Any CPU
		{2D4A943E-0E27-4335-B79F-57E4A49F02E4}.Release|x64.ActiveCfg = Release|Any CPU
		{2D4A943E-0E27-4335-B79F-57E4A49F02E4}.Release|x64.Build.0 = Release|Any CPU
		{2D4A943E-0E27-4335-B79F-57E4A49F02E4}.Release|x86.ActiveCfg = Release|Any CPU
		{2D4A943E-0E27-4335-B79F-57E4A49F02E4}.Release|x86.Build.0 = Release|Any CPU
		{9A6B488F-1CAA-4CDF-BEB0-9DA9DAC9B249}.Debug|Any CPU.ActiveCfg = Debug|Any CPU
		{9A6B488F-1CAA-4CDF-BEB0-9DA9DAC9B249}.Debug|Any CPU.Build.0 = Debug|Any CPU
		{9A6B488F-1CAA-4CDF-BEB0-9DA9DAC9B249}.Debug|x64.ActiveCfg = Debug|Any CPU
		{9A6B488F-1CAA-4CDF-BEB0-9DA9DAC9B249}.Debug|x64.Build.0 = Debug|Any CPU
		{9A6B488F-1CAA-4CDF-BEB0-9DA9DAC9B249}.Debug|x86.ActiveCfg = Debug|Any CPU
		{9A6B488F-1CAA-4CDF-BEB0-9DA9DAC9B249}.Debug|x86.Build.0 = Debug|Any CPU
		{9A6B488F-1CAA-4CDF-BEB0-9DA9DAC9B249}.Release|Any CPU.ActiveCfg = Release|Any CPU
		{9A6B488F-1CAA-4CDF-BEB0-9DA9DAC9B249}.Release|Any CPU.Build.0 = Release|Any CPU
		{9A6B488F-1CAA-4CDF-BEB0-9DA9DAC9B249}.Release|x64.ActiveCfg = Release|Any CPU
		{9A6B488F-1CAA-4CDF-BEB0-9DA9DAC9B249}.Release|x64.Build.0 = Release|Any CPU
		{9A6B488F-1CAA-4CDF-BEB0-9DA9DAC9B249}.Release|x86.ActiveCfg = Release|Any CPU
		{9A6B488F-1CAA-4CDF-BEB0-9DA9DAC9B249}.Release|x86.Build.0 = Release|Any CPU
		{A060CEFE-C1A0-4A25-A6D0-DDECF0C02F5D}.Debug|Any CPU.ActiveCfg = Debug|Any CPU
		{A060CEFE-C1A0-4A25-A6D0-DDECF0C02F5D}.Debug|Any CPU.Build.0 = Debug|Any CPU
		{A060CEFE-C1A0-4A25-A6D0-DDECF0C02F5D}.Debug|x64.ActiveCfg = Debug|Any CPU
		{A060CEFE-C1A0-4A25-A6D0-DDECF0C02F5D}.Debug|x64.Build.0 = Debug|Any CPU
		{A060CEFE-C1A0-4A25-A6D0-DDECF0C02F5D}.Debug|x86.ActiveCfg = Debug|Any CPU
		{A060CEFE-C1A0-4A25-A6D0-DDECF0C02F5D}.Debug|x86.Build.0 = Debug|Any CPU
		{A060CEFE-C1A0-4A25-A6D0-DDECF0C02F5D}.Release|Any CPU.ActiveCfg = Release|Any CPU
		{A060CEFE-C1A0-4A25-A6D0-DDECF0C02F5D}.Release|Any CPU.Build.0 = Release|Any CPU
		{A060CEFE-C1A0-4A25-A6D0-DDECF0C02F5D}.Release|x64.ActiveCfg = Release|Any CPU
		{A060CEFE-C1A0-4A25-A6D0-DDECF0C02F5D}.Release|x64.Build.0 = Release|Any CPU
		{A060CEFE-C1A0-4A25-A6D0-DDECF0C02F5D}.Release|x86.ActiveCfg = Release|Any CPU
		{A060CEFE-C1A0-4A25-A6D0-DDECF0C02F5D}.Release|x86.Build.0 = Release|Any CPU
		{CA93C1B4-BB3B-4065-ABB7-2FF82521E249}.Debug|Any CPU.ActiveCfg = Debug|Any CPU
		{CA93C1B4-BB3B-4065-ABB7-2FF82521E249}.Debug|Any CPU.Build.0 = Debug|Any CPU
		{CA93C1B4-BB3B-4065-ABB7-2FF82521E249}.Debug|x64.ActiveCfg = Debug|Any CPU
		{CA93C1B4-BB3B-4065-ABB7-2FF82521E249}.Debug|x64.Build.0 = Debug|Any CPU
		{CA93C1B4-BB3B-4065-ABB7-2FF82521E249}.Debug|x86.ActiveCfg = Debug|Any CPU
		{CA93C1B4-BB3B-4065-ABB7-2FF82521E249}.Debug|x86.Build.0 = Debug|Any CPU
		{CA93C1B4-BB3B-4065-ABB7-2FF82521E249}.Release|Any CPU.ActiveCfg = Release|Any CPU
		{CA93C1B4-BB3B-4065-ABB7-2FF82521E249}.Release|Any CPU.Build.0 = Release|Any CPU
		{CA93C1B4-BB3B-4065-ABB7-2FF82521E249}.Release|x64.ActiveCfg = Release|Any CPU
		{CA93C1B4-BB3B-4065-ABB7-2FF82521E249}.Release|x64.Build.0 = Release|Any CPU
		{CA93C1B4-BB3B-4065-ABB7-2FF82521E249}.Release|x86.ActiveCfg = Release|Any CPU
		{CA93C1B4-BB3B-4065-ABB7-2FF82521E249}.Release|x86.Build.0 = Release|Any CPU
		{480DDF78-B06F-4D61-B866-74BE7B3C9D9E}.Debug|Any CPU.ActiveCfg = Debug|Any CPU
		{480DDF78-B06F-4D61-B866-74BE7B3C9D9E}.Debug|Any CPU.Build.0 = Debug|Any CPU
		{480DDF78-B06F-4D61-B866-74BE7B3C9D9E}.Debug|x64.ActiveCfg = Debug|Any CPU
		{480DDF78-B06F-4D61-B866-74BE7B3C9D9E}.Debug|x64.Build.0 = Debug|Any CPU
		{480DDF78-B06F-4D61-B866-74BE7B3C9D9E}.Debug|x86.ActiveCfg = Debug|Any CPU
		{480DDF78-B06F-4D61-B866-74BE7B3C9D9E}.Debug|x86.Build.0 = Debug|Any CPU
		{480DDF78-B06F-4D61-B866-74BE7B3C9D9E}.Release|Any CPU.ActiveCfg = Release|Any CPU
		{480DDF78-B06F-4D61-B866-74BE7B3C9D9E}.Release|Any CPU.Build.0 = Release|Any CPU
		{480DDF78-B06F-4D61-B866-74BE7B3C9D9E}.Release|x64.ActiveCfg = Release|Any CPU
		{480DDF78-B06F-4D61-B866-74BE7B3C9D9E}.Release|x64.Build.0 = Release|Any CPU
		{480DDF78-B06F-4D61-B866-74BE7B3C9D9E}.Release|x86.ActiveCfg = Release|Any CPU
		{480DDF78-B06F-4D61-B866-74BE7B3C9D9E}.Release|x86.Build.0 = Release|Any CPU
		{1B2EEA88-2A5B-4740-B43D-E1FED1A3C0EF}.Debug|Any CPU.ActiveCfg = Debug|Any CPU
		{1B2EEA88-2A5B-4740-B43D-E1FED1A3C0EF}.Debug|Any CPU.Build.0 = Debug|Any CPU
		{1B2EEA88-2A5B-4740-B43D-E1FED1A3C0EF}.Debug|x64.ActiveCfg = Debug|Any CPU
		{1B2EEA88-2A5B-4740-B43D-E1FED1A3C0EF}.Debug|x64.Build.0 = Debug|Any CPU
		{1B2EEA88-2A5B-4740-B43D-E1FED1A3C0EF}.Debug|x86.ActiveCfg = Debug|Any CPU
		{1B2EEA88-2A5B-4740-B43D-E1FED1A3C0EF}.Debug|x86.Build.0 = Debug|Any CPU
		{1B2EEA88-2A5B-4740-B43D-E1FED1A3C0EF}.Release|Any CPU.ActiveCfg = Release|Any CPU
		{1B2EEA88-2A5B-4740-B43D-E1FED1A3C0EF}.Release|Any CPU.Build.0 = Release|Any CPU
		{1B2EEA88-2A5B-4740-B43D-E1FED1A3C0EF}.Release|x64.ActiveCfg = Release|Any CPU
		{1B2EEA88-2A5B-4740-B43D-E1FED1A3C0EF}.Release|x64.Build.0 = Release|Any CPU
		{1B2EEA88-2A5B-4740-B43D-E1FED1A3C0EF}.Release|x86.ActiveCfg = Release|Any CPU
		{1B2EEA88-2A5B-4740-B43D-E1FED1A3C0EF}.Release|x86.Build.0 = Release|Any CPU
		{F81F33E4-CF93-4C45-B0A0-60ECE2706863}.Debug|Any CPU.ActiveCfg = Debug|Any CPU
		{F81F33E4-CF93-4C45-B0A0-60ECE2706863}.Debug|Any CPU.Build.0 = Debug|Any CPU
		{F81F33E4-CF93-4C45-B0A0-60ECE2706863}.Debug|x64.ActiveCfg = Debug|Any CPU
		{F81F33E4-CF93-4C45-B0A0-60ECE2706863}.Debug|x64.Build.0 = Debug|Any CPU
		{F81F33E4-CF93-4C45-B0A0-60ECE2706863}.Debug|x86.ActiveCfg = Debug|Any CPU
		{F81F33E4-CF93-4C45-B0A0-60ECE2706863}.Debug|x86.Build.0 = Debug|Any CPU
		{F81F33E4-CF93-4C45-B0A0-60ECE2706863}.Release|Any CPU.ActiveCfg = Release|Any CPU
		{F81F33E4-CF93-4C45-B0A0-60ECE2706863}.Release|Any CPU.Build.0 = Release|Any CPU
		{F81F33E4-CF93-4C45-B0A0-60ECE2706863}.Release|x64.ActiveCfg = Release|Any CPU
		{F81F33E4-CF93-4C45-B0A0-60ECE2706863}.Release|x64.Build.0 = Release|Any CPU
		{F81F33E4-CF93-4C45-B0A0-60ECE2706863}.Release|x86.ActiveCfg = Release|Any CPU
		{F81F33E4-CF93-4C45-B0A0-60ECE2706863}.Release|x86.Build.0 = Release|Any CPU
		{18F7FA2A-C667-4C7E-96DA-FD9CF75425AE}.Debug|Any CPU.ActiveCfg = Debug|Any CPU
		{18F7FA2A-C667-4C7E-96DA-FD9CF75425AE}.Debug|Any CPU.Build.0 = Debug|Any CPU
		{18F7FA2A-C667-4C7E-96DA-FD9CF75425AE}.Debug|x64.ActiveCfg = Debug|Any CPU
		{18F7FA2A-C667-4C7E-96DA-FD9CF75425AE}.Debug|x64.Build.0 = Debug|Any CPU
		{18F7FA2A-C667-4C7E-96DA-FD9CF75425AE}.Debug|x86.ActiveCfg = Debug|Any CPU
		{18F7FA2A-C667-4C7E-96DA-FD9CF75425AE}.Debug|x86.Build.0 = Debug|Any CPU
		{18F7FA2A-C667-4C7E-96DA-FD9CF75425AE}.Release|Any CPU.ActiveCfg = Release|Any CPU
		{18F7FA2A-C667-4C7E-96DA-FD9CF75425AE}.Release|Any CPU.Build.0 = Release|Any CPU
		{18F7FA2A-C667-4C7E-96DA-FD9CF75425AE}.Release|x64.ActiveCfg = Release|Any CPU
		{18F7FA2A-C667-4C7E-96DA-FD9CF75425AE}.Release|x64.Build.0 = Release|Any CPU
		{18F7FA2A-C667-4C7E-96DA-FD9CF75425AE}.Release|x86.ActiveCfg = Release|Any CPU
		{18F7FA2A-C667-4C7E-96DA-FD9CF75425AE}.Release|x86.Build.0 = Release|Any CPU
		{CEA9A328-8A6A-4E41-8955-CE5BB1460A65}.Debug|Any CPU.ActiveCfg = Debug|Any CPU
		{CEA9A328-8A6A-4E41-8955-CE5BB1460A65}.Debug|Any CPU.Build.0 = Debug|Any CPU
		{CEA9A328-8A6A-4E41-8955-CE5BB1460A65}.Debug|x64.ActiveCfg = Debug|Any CPU
		{CEA9A328-8A6A-4E41-8955-CE5BB1460A65}.Debug|x64.Build.0 = Debug|Any CPU
		{CEA9A328-8A6A-4E41-8955-CE5BB1460A65}.Debug|x86.ActiveCfg = Debug|Any CPU
		{CEA9A328-8A6A-4E41-8955-CE5BB1460A65}.Debug|x86.Build.0 = Debug|Any CPU
		{CEA9A328-8A6A-4E41-8955-CE5BB1460A65}.Release|Any CPU.ActiveCfg = Release|Any CPU
		{CEA9A328-8A6A-4E41-8955-CE5BB1460A65}.Release|Any CPU.Build.0 = Release|Any CPU
		{CEA9A328-8A6A-4E41-8955-CE5BB1460A65}.Release|x64.ActiveCfg = Release|Any CPU
		{CEA9A328-8A6A-4E41-8955-CE5BB1460A65}.Release|x64.Build.0 = Release|Any CPU
		{CEA9A328-8A6A-4E41-8955-CE5BB1460A65}.Release|x86.ActiveCfg = Release|Any CPU
		{CEA9A328-8A6A-4E41-8955-CE5BB1460A65}.Release|x86.Build.0 = Release|Any CPU
	EndGlobalSection
	GlobalSection(SolutionProperties) = preSolution
		HideSolutionNode = FALSE
	EndGlobalSection
	GlobalSection(NestedProjects) = preSolution
		{2D4A943E-0E27-4335-B79F-57E4A49F02E4} = {827E0CD3-B72D-47B6-A68D-7590B98EB39B}
		{9A6B488F-1CAA-4CDF-BEB0-9DA9DAC9B249} = {827E0CD3-B72D-47B6-A68D-7590B98EB39B}
		{A060CEFE-C1A0-4A25-A6D0-DDECF0C02F5D} = {827E0CD3-B72D-47B6-A68D-7590B98EB39B}
		{CA93C1B4-BB3B-4065-ABB7-2FF82521E249} = {827E0CD3-B72D-47B6-A68D-7590B98EB39B}
		{480DDF78-B06F-4D61-B866-74BE7B3C9D9E} = {827E0CD3-B72D-47B6-A68D-7590B98EB39B}
		{1B2EEA88-2A5B-4740-B43D-E1FED1A3C0EF} = {827E0CD3-B72D-47B6-A68D-7590B98EB39B}
		{F81F33E4-CF93-4C45-B0A0-60ECE2706863} = {0AB3BF05-4346-4AA6-1389-037BE0695223}
		{18F7FA2A-C667-4C7E-96DA-FD9CF75425AE} = {0AB3BF05-4346-4AA6-1389-037BE0695223}
		{CEA9A328-8A6A-4E41-8955-CE5BB1460A65} = {0AB3BF05-4346-4AA6-1389-037BE0695223}
	EndGlobalSection
EndGlobal
