
Microsoft Visual Studio Solution File, Format Version 12.00
# Visual Studio Version 17
VisualStudioVersion = 17.0.31903.59
MinimumVisualStudioVersion = 10.0.40219.1
Project("{2150E333-8FDC-42A3-9474-1A3956D46DE8}") = "src", "src", "{827E0CD3-B72D-47B6-A68D-7590B98EB39B}"
EndProject
Project("{FAE04EC0-301F-11D3-BF4B-00C04F79EFBC}") = "FishingLogBook.Domain", "src\FishingLogBook.Domain\FishingLogBook.Domain.csproj", "{2D4A943E-0E27-4335-B79F-57E4A49F02E4}"
EndProject
Project("{FAE04EC0-301F-11D3-BF4B-00C04F79EFBC}") = "FishingLogBook.Shared", "src\FishingLogBook.Shared\FishingLogBook.Shared.csproj", "{9A6B488F-1CAA-4CDF-BEB0-9DA9DAC9B249}"
EndProject
Project("{FAE04EC0-301F-11D3-BF4B-00C04F79EFBC}") = "FishingLogBook.Application", "src\FishingLogBook.Application\FishingLogBook.Application.csproj", "{A060CEFE-C1A0-4A25-A6D0-DDECF0C02F5D}"
EndProject
Project("{FAE04EC0-301F-11D3-BF4B-00C04F79EFBC}") = "FishingLogBook.Infrastructure", "src\FishingLogBook.Infrastructure\FishingLogBook.Infrastructure.csproj", "{CA93C1B4-BB3B-4065-ABB7-2FF82521E249}"
EndProject
Project("{FAE04EC0-301F-11D3-BF4B-00C04F79EFBC}") = "FishingLogBook.Api", "src\FishingLogBook.Api\FishingLogBook.Api.csproj", "{480DDF78-B06F-4D61-B866-74BE7B3C9D9E}"
EndProject
Project("{FAE04EC0-301F-11D3-BF4B-00C04F79EFBC}") = "FishingLogBook.Web", "src\FishingLogBook.Web\FishingLogBook.Web.csproj", "{1B2EEA88-2A5B-4740-B43D-E1FED1A3C0EF}"
EndProject
Project("{FAE04EC0-301F-11D3-BF4B-00C04F79EFBC}") = "FishingLogBook.DependencyInjection", "src\FishingLogBook.DependencyInjection\FishingLogBook.DependencyInjection.csproj", "{70696604-8AA1-4D50-8832-AD021053E09A}"
EndProject
Project("{FAE04EC0-301F-11D3-BF4B-00C04F79EFBC}") = "FishingLogBook.Db.Migrations", "src\FishingLogBook.Db.Migrations\FishingLogBook.Db.Migrations.csproj", "{8D6CC578-1407-4393-BC8D-8453137CFF57}"
EndProject
Project("{FAE04EC0-301F-11D3-BF4B-00C04F79EFBC}") = "FishingLogBook.Db.Migrations.App", "src\FishingLogBook.Db.Migrations.App\FishingLogBook.Db.Migrations.App.csproj", "{5E2843AF-8771-4160-B36D-861886797904}"
EndProject
Project("{2150E333-8FDC-42A3-9474-1A3956D46DE8}") = "tests", "tests", "{0AB3BF05-4346-4AA6-1389-037BE0695223}"
EndProject
Project("{FAE04EC0-301F-11D3-BF4B-00C04F79EFBC}") = "FishingLogBook.Tests.Common", "tests\FishingLogBook.Tests.Common\FishingLogBook.Tests.Common.csproj", "{578BD273-0BEF-4EDC-8729-7ABA15E59876}"
EndProject
Project("{FAE04EC0-301F-11D3-BF4B-00C04F79EFBC}") = "FishingLogBook.Shared.Tests", "tests\FishingLogBook.Shared.Tests\FishingLogBook.Shared.Tests.csproj", "{680F00AC-88A8-4858-B6CF-262A00F3A34C}"
EndProject
Project("{FAE04EC0-301F-11D3-BF4B-00C04F79EFBC}") = "FishingLogBook.Application.Tests", "tests\FishingLogBook.Application.Tests\FishingLogBook.Application.Tests.csproj", "{A23DECF5-9DE3-4A08-98EB-61621852DDF8}"
EndProject
Project("{FAE04EC0-301F-11D3-BF4B-00C04F79EFBC}") = "FishingLogBook.Infrastructure.Tests", "tests\FishingLogBook.Infrastructure.Tests\FishingLogBook.Infrastructure.Tests.csproj", "{F25A0104-C350-4030-9D8F-F859C5F55A65}"
EndProject
Project("{FAE04EC0-301F-11D3-BF4B-00C04F79EFBC}") = "FishingLogBook.Db.Migrations.Tests", "tests\FishingLogBook.Db.Migrations.Tests\FishingLogBook.Db.Migrations.Tests.csproj", "{26F2AACB-60FD-4E80-A52F-5239FFD5CB18}"
EndProject
Project("{FAE04EC0-301F-11D3-BF4B-00C04F79EFBC}") = "FishingLogBook.Api.Tests", "tests\FishingLogBook.Api.Tests\FishingLogBook.Api.Tests.csproj", "{9C639689-7E82-4149-8DCC-372CE20C6A3D}"
EndProject
Project("{FAE04EC0-301F-11D3-BF4B-00C04F79EFBC}") = "FishingLogBook.Web.Tests", "tests\FishingLogBook.Web.Tests\FishingLogBook.Web.Tests.csproj", "{DAE27130-82C9-4FA1-AF31-F4A3511DC1EB}"
EndProject
Global
	GlobalSection(SolutionConfigurationPlatforms) = preSolution
		Debug|Any CPU = Debug|Any CPU
		Debug|x64 = Debug|x64
		Debug|x86 = Debug|x86
		Release|Any CPU = Release|Any CPU
		Release|x64 = Release|x64
		Release|x86 = Release|x86
	EndGlobalSection
	GlobalSection(ProjectConfigurationPlatforms) = postSolution
		{2D4A943E-0E27-4335-B79F-57E4A49F02E4}.Debug|Any CPU.ActiveCfg = Debug|Any CPU
		{2D4A943E-0E27-4335-B79F-57E4A49F02E4}.Debug|Any CPU.Build.0 = Debug|Any CPU
		{2D4A943E-0E27-4335-B79F-57E4A49F02E4}.Debug|x64.ActiveCfg = Debug|Any CPU
		{2D4A943E-0E27-4335-B79F-57E4A49F02E4}.Debug|x64.Build.0 = Debug|Any CPU
		{2D4A943E-0E27-4335-B79F-57E4A49F02E4}.Debug|x86.ActiveCfg = Debug|Any CPU
		{2D4A943E-0E27-4335-B79F-57E4A49F02E4}.Debug|x86.Build.0 = Debug|Any CPU
		{2D4A943E-0E27-4335-B79F-57E4A49F02E4}.Release|Any CPU.ActiveCfg = Release|Any CPU
		{2D4A943E-0E27-4335-B79F-57E4A49F02E4}.Release|Any CPU.Build.0 = Release|Any CPU
		{2D4A943E-0E27-4335-B79F-57E4A49F02E4}.Release|x64.ActiveCfg = Release|Any CPU
		{2D4A943E-0E27-4335-B79F-57E4A49F02E4}.Release|x64.Build.0 = Release|Any CPU
		{2D4A943E-0E27-4335-B79F-57E4A49F02E4}.Release|x86.ActiveCfg = Release|Any CPU
		{2D4A943E-0E27-4335-B79F-57E4A49F02E4}.Release|x86.Build.0 = Release|Any CPU
		{9A6B488F-1CAA-4CDF-BEB0-9DA9DAC9B249}.Debug|Any CPU.ActiveCfg = Debug|Any CPU
		{9A6B488F-1CAA-4CDF-BEB0-9DA9DAC9B249}.Debug|Any CPU.Build.0 = Debug|Any CPU
		{9A6B488F-1CAA-4CDF-BEB0-9DA9DAC9B249}.Debug|x64.ActiveCfg = Debug|Any CPU
		{9A6B488F-1CAA-4CDF-BEB0-9DA9DAC9B249}.Debug|x64.Build.0 = Debug|Any CPU
		{9A6B488F-1CAA-4CDF-BEB0-9DA9DAC9B249}.Debug|x86.ActiveCfg = Debug|Any CPU
		{9A6B488F-1CAA-4CDF-BEB0-9DA9DAC9B249}.Debug|x86.Build.0 = Debug|Any CPU
		{9A6B488F-1CAA-4CDF-BEB0-9DA9DAC9B249}.Release|Any CPU.ActiveCfg = Release|Any CPU
		{9A6B488F-1CAA-4CDF-BEB0-9DA9DAC9B249}.Release|Any CPU.Build.0 = Release|Any CPU
		{9A6B488F-1CAA-4CDF-BEB0-9DA9DAC9B249}.Release|x64.ActiveCfg = Release|Any CPU
		{9A6B488F-1CAA-4CDF-BEB0-9DA9DAC9B249}.Release|x64.Build.0 = Release|Any CPU
		{9A6B488F-1CAA-4CDF-BEB0-9DA9DAC9B249}.Release|x86.ActiveCfg = Release|Any CPU
		{9A6B488F-1CAA-4CDF-BEB0-9DA9DAC9B249}.Release|x86.Build.0 = Release|Any CPU
		{A060CEFE-C1A0-4A25-A6D0-DDECF0C02F5D}.Debug|Any CPU.ActiveCfg = Debug|Any CPU
		{A060CEFE-C1A0-4A25-A6D0-DDECF0C02F5D}.Debug|Any CPU.Build.0 = Debug|Any CPU
		{A060CEFE-C1A0-4A25-A6D0-DDECF0C02F5D}.Debug|x64.ActiveCfg = Debug|Any CPU
		{A060CEFE-C1A0-4A25-A6D0-DDECF0C02F5D}.Debug|x64.Build.0 = Debug|Any CPU
		{A060CEFE-C1A0-4A25-A6D0-DDECF0C02F5D}.Debug|x86.ActiveCfg = Debug|Any CPU
		{A060CEFE-C1A0-4A25-A6D0-DDECF0C02F5D}.Debug|x86.Build.0 = Debug|Any CPU
		{A060CEFE-C1A0-4A25-A6D0-DDECF0C02F5D}.Release|Any CPU.ActiveCfg = Release|Any CPU
		{A060CEFE-C1A0-4A25-A6D0-DDECF0C02F5D}.Release|Any CPU.Build.0 = Release|Any CPU
		{A060CEFE-C1A0-4A25-A6D0-DDECF0C02F5D}.Release|x64.ActiveCfg = Release|Any CPU
		{A060CEFE-C1A0-4A25-A6D0-DDECF0C02F5D}.Release|x64.Build.0 = Release|Any CPU
		{A060CEFE-C1A0-4A25-A6D0-DDECF0C02F5D}.Release|x86.ActiveCfg = Release|Any CPU
		{A060CEFE-C1A0-4A25-A6D0-DDECF0C02F5D}.Release|x86.Build.0 = Release|Any CPU
		{CA93C1B4-BB3B-4065-ABB7-2FF82521E249}.Debug|Any CPU.ActiveCfg = Debug|Any CPU
		{CA93C1B4-BB3B-4065-ABB7-2FF82521E249}.Debug|Any CPU.Build.0 = Debug|Any CPU
		{CA93C1B4-BB3B-4065-ABB7-2FF82521E249}.Debug|x64.ActiveCfg = Debug|Any CPU
		{CA93C1B4-BB3B-4065-ABB7-2FF82521E249}.Debug|x64.Build.0 = Debug|Any CPU
		{CA93C1B4-BB3B-4065-ABB7-2FF82521E249}.Debug|x86.ActiveCfg = Debug|Any CPU
		{CA93C1B4-BB3B-4065-ABB7-2FF82521E249}.Debug|x86.Build.0 = Debug|Any CPU
		{CA93C1B4-BB3B-4065-ABB7-2FF82521E249}.Release|Any CPU.ActiveCfg = Release|Any CPU
		{CA93C1B4-BB3B-4065-ABB7-2FF82521E249}.Release|Any CPU.Build.0 = Release|Any CPU
		{CA93C1B4-BB3B-4065-ABB7-2FF82521E249}.Release|x64.ActiveCfg = Release|Any CPU
		{CA93C1B4-BB3B-4065-ABB7-2FF82521E249}.Release|x64.Build.0 = Release|Any CPU
		{CA93C1B4-BB3B-4065-ABB7-2FF82521E249}.Release|x86.ActiveCfg = Release|Any CPU
		{CA93C1B4-BB3B-4065-ABB7-2FF82521E249}.Release|x86.Build.0 = Release|Any CPU
		{480DDF78-B06F-4D61-B866-74BE7B3C9D9E}.Debug|Any CPU.ActiveCfg = Debug|Any CPU
		{480DDF78-B06F-4D61-B866-74BE7B3C9D9E}.Debug|Any CPU.Build.0 = Debug|Any CPU
		{480DDF78-B06F-4D61-B866-74BE7B3C9D9E}.Debug|x64.ActiveCfg = Debug|Any CPU
		{480DDF78-B06F-4D61-B866-74BE7B3C9D9E}.Debug|x64.Build.0 = Debug|Any CPU
		{480DDF78-B06F-4D61-B866-74BE7B3C9D9E}.Debug|x86.ActiveCfg = Debug|Any CPU
		{480DDF78-B06F-4D61-B866-74BE7B3C9D9E}.Debug|x86.Build.0 = Debug|Any CPU
		{480DDF78-B06F-4D61-B866-74BE7B3C9D9E}.Release|Any CPU.ActiveCfg = Release|Any CPU
		{480DDF78-B06F-4D61-B866-74BE7B3C9D9E}.Release|Any CPU.Build.0 = Release|Any CPU
		{480DDF78-B06F-4D61-B866-74BE7B3C9D9E}.Release|x64.ActiveCfg = Release|Any CPU
		{480DDF78-B06F-4D61-B866-74BE7B3C9D9E}.Release|x64.Build.0 = Release|Any CPU
		{480DDF78-B06F-4D61-B866-74BE7B3C9D9E}.Release|x86.ActiveCfg = Release|Any CPU
		{480DDF78-B06F-4D61-B866-74BE7B3C9D9E}.Release|x86.Build.0 = Release|Any CPU
		{1B2EEA88-2A5B-4740-B43D-E1FED1A3C0EF}.Debug|Any CPU.ActiveCfg = Debug|Any CPU
		{1B2EEA88-2A5B-4740-B43D-E1FED1A3C0EF}.Debug|Any CPU.Build.0 = Debug|Any CPU
		{1B2EEA88-2A5B-4740-B43D-E1FED1A3C0EF}.Debug|x64.ActiveCfg = Debug|Any CPU
		{1B2EEA88-2A5B-4740-B43D-E1FED1A3C0EF}.Debug|x64.Build.0 = Debug|Any CPU
		{1B2EEA88-2A5B-4740-B43D-E1FED1A3C0EF}.Debug|x86.ActiveCfg = Debug|Any CPU
		{1B2EEA88-2A5B-4740-B43D-E1FED1A3C0EF}.Debug|x86.Build.0 = Debug|Any CPU
		{1B2EEA88-2A5B-4740-B43D-E1FED1A3C0EF}.Release|Any CPU.ActiveCfg = Release|Any CPU
		{1B2EEA88-2A5B-4740-B43D-E1FED1A3C0EF}.Release|Any CPU.Build.0 = Release|Any CPU
		{1B2EEA88-2A5B-4740-B43D-E1FED1A3C0EF}.Release|x64.ActiveCfg = Release|Any CPU
		{1B2EEA88-2A5B-4740-B43D-E1FED1A3C0EF}.Release|x64.Build.0 = Release|Any CPU
		{1B2EEA88-2A5B-4740-B43D-E1FED1A3C0EF}.Release|x86.ActiveCfg = Release|Any CPU
		{1B2EEA88-2A5B-4740-B43D-E1FED1A3C0EF}.Release|x86.Build.0 = Release|Any CPU
		{70696604-8AA1-4D50-8832-AD021053E09A}.Debug|Any CPU.ActiveCfg = Debug|Any CPU
		{70696604-8AA1-4D50-8832-AD021053E09A}.Debug|Any CPU.Build.0 = Debug|Any CPU
		{70696604-8AA1-4D50-8832-AD021053E09A}.Debug|x64.ActiveCfg = Debug|Any CPU
		{70696604-8AA1-4D50-8832-AD021053E09A}.Debug|x64.Build.0 = Debug|Any CPU
		{70696604-8AA1-4D50-8832-AD021053E09A}.Debug|x86.ActiveCfg = Debug|Any CPU
		{70696604-8AA1-4D50-8832-AD021053E09A}.Debug|x86.Build.0 = Debug|Any CPU
		{70696604-8AA1-4D50-8832-AD021053E09A}.Release|Any CPU.ActiveCfg = Release|Any CPU
		{70696604-8AA1-4D50-8832-AD021053E09A}.Release|Any CPU.Build.0 = Release|Any CPU
		{70696604-8AA1-4D50-8832-AD021053E09A}.Release|x64.ActiveCfg = Release|Any CPU
		{70696604-8AA1-4D50-8832-AD021053E09A}.Release|x64.Build.0 = Release|Any CPU
		{70696604-8AA1-4D50-8832-AD021053E09A}.Release|x86.ActiveCfg = Release|Any CPU
		{70696604-8AA1-4D50-8832-AD021053E09A}.Release|x86.Build.0 = Release|Any CPU
		{8D6CC578-1407-4393-BC8D-8453137CFF57}.Debug|Any CPU.ActiveCfg = Debug|Any CPU
		{8D6CC578-1407-4393-BC8D-8453137CFF57}.Debug|Any CPU.Build.0 = Debug|Any CPU
		{8D6CC578-1407-4393-BC8D-8453137CFF57}.Debug|x64.ActiveCfg = Debug|Any CPU
		{8D6CC578-1407-4393-BC8D-8453137CFF57}.Debug|x64.Build.0 = Debug|Any CPU
		{8D6CC578-1407-4393-BC8D-8453137CFF57}.Debug|x86.ActiveCfg = Debug|Any CPU
		{8D6CC578-1407-4393-BC8D-8453137CFF57}.Debug|x86.Build.0 = Debug|Any CPU
		{8D6CC578-1407-4393-BC8D-8453137CFF57}.Release|Any CPU.ActiveCfg = Release|Any CPU
		{8D6CC578-1407-4393-BC8D-8453137CFF57}.Release|Any CPU.Build.0 = Release|Any CPU
		{8D6CC578-1407-4393-BC8D-8453137CFF57}.Release|x64.ActiveCfg = Release|Any CPU
		{8D6CC578-1407-4393-BC8D-8453137CFF57}.Release|x64.Build.0 = Release|Any CPU
		{8D6CC578-1407-4393-BC8D-8453137CFF57}.Release|x86.ActiveCfg = Release|Any CPU
		{8D6CC578-1407-4393-BC8D-8453137CFF57}.Release|x86.Build.0 = Release|Any CPU
		{5E2843AF-8771-4160-B36D-861886797904}.Debug|Any CPU.ActiveCfg = Debug|Any CPU
		{5E2843AF-8771-4160-B36D-861886797904}.Debug|Any CPU.Build.0 = Debug|Any CPU
		{5E2843AF-8771-4160-B36D-861886797904}.Debug|x64.ActiveCfg = Debug|Any CPU
		{5E2843AF-8771-4160-B36D-861886797904}.Debug|x64.Build.0 = Debug|Any CPU
		{5E2843AF-8771-4160-B36D-861886797904}.Debug|x86.ActiveCfg = Debug|Any CPU
		{5E2843AF-8771-4160-B36D-861886797904}.Debug|x86.Build.0 = Debug|Any CPU
		{5E2843AF-8771-4160-B36D-861886797904}.Release|Any CPU.ActiveCfg = Release|Any CPU
		{5E2843AF-8771-4160-B36D-861886797904}.Release|Any CPU.Build.0 = Release|Any CPU
		{5E2843AF-8771-4160-B36D-861886797904}.Release|x64.ActiveCfg = Release|Any CPU
		{5E2843AF-8771-4160-B36D-861886797904}.Release|x64.Build.0 = Release|Any CPU
		{5E2843AF-8771-4160-B36D-861886797904}.Release|x86.ActiveCfg = Release|Any CPU
		{5E2843AF-8771-4160-B36D-861886797904}.Release|x86.Build.0 = Release|Any CPU
		{578BD273-0BEF-4EDC-8729-7ABA15E59876}.Debug|Any CPU.ActiveCfg = Debug|Any CPU
		{578BD273-0BEF-4EDC-8729-7ABA15E59876}.Debug|Any CPU.Build.0 = Debug|Any CPU
		{578BD273-0BEF-4EDC-8729-7ABA15E59876}.Debug|x64.ActiveCfg = Debug|Any CPU
		{578BD273-0BEF-4EDC-8729-7ABA15E59876}.Debug|x64.Build.0 = Debug|Any CPU
		{578BD273-0BEF-4EDC-8729-7ABA15E59876}.Debug|x86.ActiveCfg = Debug|Any CPU
		{578BD273-0BEF-4EDC-8729-7ABA15E59876}.Debug|x86.Build.0 = Debug|Any CPU
		{578BD273-0BEF-4EDC-8729-7ABA15E59876}.Release|Any CPU.ActiveCfg = Release|Any CPU
		{578BD273-0BEF-4EDC-8729-7ABA15E59876}.Release|Any CPU.Build.0 = Release|Any CPU
		{578BD273-0BEF-4EDC-8729-7ABA15E59876}.Release|x64.ActiveCfg = Release|Any CPU
		{578BD273-0BEF-4EDC-8729-7ABA15E59876}.Release|x64.Build.0 = Release|Any CPU
		{578BD273-0BEF-4EDC-8729-7ABA15E59876}.Release|x86.ActiveCfg = Release|Any CPU
		{578BD273-0BEF-4EDC-8729-7ABA15E59876}.Release|x86.Build.0 = Release|Any CPU
		{680F00AC-88A8-4858-B6CF-262A00F3A34C}.Debug|Any CPU.ActiveCfg = Debug|Any CPU
		{680F00AC-88A8-4858-B6CF-262A00F3A34C}.Debug|Any CPU.Build.0 = Debug|Any CPU
		{680F00AC-88A8-4858-B6CF-262A00F3A34C}.Debug|x64.ActiveCfg = Debug|Any CPU
		{680F00AC-88A8-4858-B6CF-262A00F3A34C}.Debug|x64.Build.0 = Debug|Any CPU
		{680F00AC-88A8-4858-B6CF-262A00F3A34C}.Debug|x86.ActiveCfg = Debug|Any CPU
		{680F00AC-88A8-4858-B6CF-262A00F3A34C}.Debug|x86.Build.0 = Debug|Any CPU
		{680F00AC-88A8-4858-B6CF-262A00F3A34C}.Release|Any CPU.ActiveCfg = Release|Any CPU
		{680F00AC-88A8-4858-B6CF-262A00F3A34C}.Release|Any CPU.Build.0 = Release|Any CPU
		{680F00AC-88A8-4858-B6CF-262A00F3A34C}.Release|x64.ActiveCfg = Release|Any CPU
		{680F00AC-88A8-4858-B6CF-262A00F3A34C}.Release|x64.Build.0 = Release|Any CPU
		{680F00AC-88A8-4858-B6CF-262A00F3A34C}.Release|x86.ActiveCfg = Release|Any CPU
		{680F00AC-88A8-4858-B6CF-262A00F3A34C}.Release|x86.Build.0 = Release|Any CPU
		{A23DECF5-9DE3-4A08-98EB-61621852DDF8}.Debug|Any CPU.ActiveCfg = Debug|Any CPU
		{A23DECF5-9DE3-4A08-98EB-61621852DDF8}.Debug|Any CPU.Build.0 = Debug|Any CPU
		{A23DECF5-9DE3-4A08-98EB-61621852DDF8}.Debug|x64.ActiveCfg = Debug|Any CPU
		{A23DECF5-9DE3-4A08-98EB-61621852DDF8}.Debug|x64.Build.0 = Debug|Any CPU
		{A23DECF5-9DE3-4A08-98EB-61621852DDF8}.Debug|x86.ActiveCfg = Debug|Any CPU
		{A23DECF5-9DE3-4A08-98EB-61621852DDF8}.Debug|x86.Build.0 = Debug|Any CPU
		{A23DECF5-9DE3-4A08-98EB-61621852DDF8}.Release|Any CPU.ActiveCfg = Release|Any CPU
		{A23DECF5-9DE3-4A08-98EB-61621852DDF8}.Release|Any CPU.Build.0 = Release|Any CPU
		{A23DECF5-9DE3-4A08-98EB-61621852DDF8}.Release|x64.ActiveCfg = Release|Any CPU
		{A23DECF5-9DE3-4A08-98EB-61621852DDF8}.Release|x64.Build.0 = Release|Any CPU
		{A23DECF5-9DE3-4A08-98EB-61621852DDF8}.Release|x86.ActiveCfg = Release|Any CPU
		{A23DECF5-9DE3-4A08-98EB-61621852DDF8}.Release|x86.Build.0 = Release|Any CPU
		{F25A0104-C350-4030-9D8F-F859C5F55A65}.Debug|Any CPU.ActiveCfg = Debug|Any CPU
		{F25A0104-C350-4030-9D8F-F859C5F55A65}.Debug|Any CPU.Build.0 = Debug|Any CPU
		{F25A0104-C350-4030-9D8F-F859C5F55A65}.Debug|x64.ActiveCfg = Debug|Any CPU
		{F25A0104-C350-4030-9D8F-F859C5F55A65}.Debug|x64.Build.0 = Debug|Any CPU
		{F25A0104-C350-4030-9D8F-F859C5F55A65}.Debug|x86.ActiveCfg = Debug|Any CPU
		{F25A0104-C350-4030-9D8F-F859C5F55A65}.Debug|x86.Build.0 = Debug|Any CPU
		{F25A0104-C350-4030-9D8F-F859C5F55A65}.Release|Any CPU.ActiveCfg = Release|Any CPU
		{F25A0104-C350-4030-9D8F-F859C5F55A65}.Release|Any CPU.Build.0 = Release|Any CPU
		{F25A0104-C350-4030-9D8F-F859C5F55A65}.Release|x64.ActiveCfg = Release|Any CPU
		{F25A0104-C350-4030-9D8F-F859C5F55A65}.Release|x64.Build.0 = Release|Any CPU
		{F25A0104-C350-4030-9D8F-F859C5F55A65}.Release|x86.ActiveCfg = Release|Any CPU
		{F25A0104-C350-4030-9D8F-F859C5F55A65}.Release|x86.Build.0 = Release|Any CPU
		{26F2AACB-60FD-4E80-A52F-5239FFD5CB18}.Debug|Any CPU.ActiveCfg = Debug|Any CPU
		{26F2AACB-60FD-4E80-A52F-5239FFD5CB18}.Debug|Any CPU.Build.0 = Debug|Any CPU
		{26F2AACB-60FD-4E80-A52F-5239FFD5CB18}.Debug|x64.ActiveCfg = Debug|Any CPU
		{26F2AACB-60FD-4E80-A52F-5239FFD5CB18}.Debug|x64.Build.0 = Debug|Any CPU
		{26F2AACB-60FD-4E80-A52F-5239FFD5CB18}.Debug|x86.ActiveCfg = Debug|Any CPU
		{26F2AACB-60FD-4E80-A52F-5239FFD5CB18}.Debug|x86.Build.0 = Debug|Any CPU
		{26F2AACB-60FD-4E80-A52F-5239FFD5CB18}.Release|Any CPU.ActiveCfg = Release|Any CPU
		{26F2AACB-60FD-4E80-A52F-5239FFD5CB18}.Release|Any CPU.Build.0 = Release|Any CPU
		{26F2AACB-60FD-4E80-A52F-5239FFD5CB18}.Release|x64.ActiveCfg = Release|Any CPU
		{26F2AACB-60FD-4E80-A52F-5239FFD5CB18}.Release|x64.Build.0 = Release|Any CPU
		{26F2AACB-60FD-4E80-A52F-5239FFD5CB18}.Release|x86.ActiveCfg = Release|Any CPU
		{26F2AACB-60FD-4E80-A52F-5239FFD5CB18}.Release|x86.Build.0 = Release|Any CPU
		{9C639689-7E82-4149-8DCC-372CE20C6A3D}.Debug|Any CPU.ActiveCfg = Debug|Any CPU
		{9C639689-7E82-4149-8DCC-372CE20C6A3D}.Debug|Any CPU.Build.0 = Debug|Any CPU
		{9C639689-7E82-4149-8DCC-372CE20C6A3D}.Debug|x64.ActiveCfg = Debug|Any CPU
		{9C639689-7E82-4149-8DCC-372CE20C6A3D}.Debug|x64.Build.0 = Debug|Any CPU
		{9C639689-7E82-4149-8DCC-372CE20C6A3D}.Debug|x86.ActiveCfg = Debug|Any CPU
		{9C639689-7E82-4149-8DCC-372CE20C6A3D}.Debug|x86.Build.0 = Debug|Any CPU
		{9C639689-7E82-4149-8DCC-372CE20C6A3D}.Release|Any CPU.ActiveCfg = Release|Any CPU
		{9C639689-7E82-4149-8DCC-372CE20C6A3D}.Release|Any CPU.Build.0 = Release|Any CPU
		{9C639689-7E82-4149-8DCC-372CE20C6A3D}.Release|x64.ActiveCfg = Release|Any CPU
		{9C639689-7E82-4149-8DCC-372CE20C6A3D}.Release|x64.Build.0 = Release|Any CPU
		{9C639689-7E82-4149-8DCC-372CE20C6A3D}.Release|x86.ActiveCfg = Release|Any CPU
		{9C639689-7E82-4149-8DCC-372CE20C6A3D}.Release|x86.Build.0 = Release|Any CPU
		{DAE27130-82C9-4FA1-AF31-F4A3511DC1EB}.Debug|Any CPU.ActiveCfg = Debug|Any CPU
		{DAE27130-82C9-4FA1-AF31-F4A3511DC1EB}.Debug|Any CPU.Build.0 = Debug|Any CPU
		{DAE27130-82C9-4FA1-AF31-F4A3511DC1EB}.Debug|x64.ActiveCfg = Debug|Any CPU
		{DAE27130-82C9-4FA1-AF31-F4A3511DC1EB}.Debug|x64.Build.0 = Debug|Any CPU
		{DAE27130-82C9-4FA1-AF31-F4A3511DC1EB}.Debug|x86.ActiveCfg = Debug|Any CPU
		{DAE27130-82C9-4FA1-AF31-F4A3511DC1EB}.Debug|x86.Build.0 = Debug|Any CPU
		{DAE27130-82C9-4FA1-AF31-F4A3511DC1EB}.Release|Any CPU.ActiveCfg = Release|Any CPU
		{DAE27130-82C9-4FA1-AF31-F4A3511DC1EB}.Release|Any CPU.Build.0 = Release|Any CPU
		{DAE27130-82C9-4FA1-AF31-F4A3511DC1EB}.Release|x64.ActiveCfg = Release|Any CPU
		{DAE27130-82C9-4FA1-AF31-F4A3511DC1EB}.Release|x64.Build.0 = Release|Any CPU
		{DAE27130-82C9-4FA1-AF31-F4A3511DC1EB}.Release|x86.ActiveCfg = Release|Any CPU
		{DAE27130-82C9-4FA1-AF31-F4A3511DC1EB}.Release|x86.Build.0 = Release|Any CPU
	EndGlobalSection
	GlobalSection(SolutionProperties) = preSolution
		HideSolutionNode = FALSE
	EndGlobalSection
	GlobalSection(NestedProjects) = preSolution
		{2D4A943E-0E27-4335-B79F-57E4A49F02E4} = {827E0CD3-B72D-47B6-A68D-7590B98EB39B}
		{9A6B488F-1CAA-4CDF-BEB0-9DA9DAC9B249} = {827E0CD3-B72D-47B6-A68D-7590B98EB39B}
		{A060CEFE-C1A0-4A25-A6D0-DDECF0C02F5D} = {827E0CD3-B72D-47B6-A68D-7590B98EB39B}
		{CA93C1B4-BB3B-4065-ABB7-2FF82521E249} = {827E0CD3-B72D-47B6-A68D-7590B98EB39B}
		{480DDF78-B06F-4D61-B866-74BE7B3C9D9E} = {827E0CD3-B72D-47B6-A68D-7590B98EB39B}
		{1B2EEA88-2A5B-4740-B43D-E1FED1A3C0EF} = {827E0CD3-B72D-47B6-A68D-7590B98EB39B}
		{70696604-8AA1-4D50-8832-AD021053E09A} = {827E0CD3-B72D-47B6-A68D-7590B98EB39B}
		{8D6CC578-1407-4393-BC8D-8453137CFF57} = {827E0CD3-B72D-47B6-A68D-7590B98EB39B}
		{5E2843AF-8771-4160-B36D-861886797904} = {827E0CD3-B72D-47B6-A68D-7590B98EB39B}
		{578BD273-0BEF-4EDC-8729-7ABA15E59876} = {0AB3BF05-4346-4AA6-1389-037BE0695223}
		{680F00AC-88A8-4858-B6CF-262A00F3A34C} = {0AB3BF05-4346-4AA6-1389-037BE0695223}
		{A23DECF5-9DE3-4A08-98EB-61621852DDF8} = {0AB3BF05-4346-4AA6-1389-037BE0695223}
		{F25A0104-C350-4030-9D8F-F859C5F55A65} = {0AB3BF05-4346-4AA6-1389-037BE0695223}
		{26F2AACB-60FD-4E80-A52F-5239FFD5CB18} = {0AB3BF05-4346-4AA6-1389-037BE0695223}
		{9C639689-7E82-4149-8DCC-372CE20C6A3D} = {0AB3BF05-4346-4AA6-1389-037BE0695223}
		{DAE27130-82C9-4FA1-AF31-F4A3511DC1EB} = {0AB3BF05-4346-4AA6-1389-037BE0695223}
	EndGlobalSection
EndGlobal
